
Microsoft Visual Studio Solution File, Format Version 12.00
# Visual Studio Version 16
VisualStudioVersion = 16.0.30907.101
MinimumVisualStudioVersion = 10.0.40219.1
Project("{FAE04EC0-301F-11D3-BF4B-00C04F79EFBC}") = "ModelEF", "ModelEF\ModelEF.csproj", "{EDDA537D-7A34-485D-9377-2408ECD10A14}"
EndProject
Project("{FAE04EC0-301F-11D3-BF4B-00C04F79EFBC}") = "TestUngDung", "TestUngDung\TestUngDung.csproj", "{376317DA-2DD5-461A-81C2-9BE03E4757B3}"
EndProject
Global
	GlobalSection(SolutionConfigurationPlatforms) = preSolution
		Debug|Any CPU = Debug|Any CPU
		Release|Any CPU = Release|Any CPU
	EndGlobalSection
	GlobalSection(ProjectConfigurationPlatforms) = postSolution
		{EDDA537D-7A34-485D-9377-2408ECD10A14}.Debug|Any CPU.ActiveCfg = Debug|Any CPU
		{EDDA537D-7A34-485D-9377-2408ECD10A14}.Debug|Any CPU.Build.0 = Debug|Any CPU
		{EDDA537D-7A34-485D-9377-2408ECD10A14}.Release|Any CPU.ActiveCfg = Release|Any CPU
		{EDDA537D-7A34-485D-9377-2408ECD10A14}.Release|Any CPU.Build.0 = Release|Any CPU
		{376317DA-2DD5-461A-81C2-9BE03E4757B3}.Debug|Any CPU.ActiveCfg = Debug|Any CPU
		{376317DA-2DD5-461A-81C2-9BE03E4757B3}.Debug|Any CPU.Build.0 = Debug|Any CPU
		{376317DA-2DD5-461A-81C2-9BE03E4757B3}.Release|Any CPU.ActiveCfg = Release|Any CPU
		{376317DA-2DD5-461A-81C2-9BE03E4757B3}.Release|Any CPU.Build.0 = Release|Any CPU
	EndGlobalSection
	GlobalSection(SolutionProperties) = preSolution
		HideSolutionNode = FALSE
	EndGlobalSection
	GlobalSection(ExtensibilityGlobals) = postSolution
		SolutionGuid = {78B40324-8BC2-4C33-AFDE-AB2DC494F323}
	EndGlobalSection
EndGlobal
